
Microsoft Visual Studio Solution File, Format Version 12.00
# Visual Studio Version 16
VisualStudioVersion = 16.0.30128.74
MinimumVisualStudioVersion = 10.0.40219.1
Project("{FAE04EC0-301F-11D3-BF4B-00C04F79EFBC}") = "FastLearning", "FastLearning\FastLearning.csproj", "{7FF09DE2-0809-404C-9E8A-6CCEC79B616E}"
EndProject
Global
	GlobalSection(SolutionConfigurationPlatforms) = preSolution
		Debug|Any CPU = Debug|Any CPU
		Release|Any CPU = Release|Any CPU
	EndGlobalSection
	GlobalSection(ProjectConfigurationPlatforms) = postSolution
		{7FF09DE2-0809-404C-9E8A-6CCEC79B616E}.Debug|Any CPU.ActiveCfg = Debug|Any CPU
		{7FF09DE2-0809-404C-9E8A-6CCEC79B616E}.Debug|Any CPU.Build.0 = Debug|Any CPU
		{7FF09DE2-0809-404C-9E8A-6CCEC79B616E}.Release|Any CPU.ActiveCfg = Release|Any CPU
		{7FF09DE2-0809-404C-9E8A-6CCEC79B616E}.Release|Any CPU.Build.0 = Release|Any CPU
	EndGlobalSection
	GlobalSection(SolutionProperties) = preSolution
		HideSolutionNode = FALSE
	EndGlobalSection
	GlobalSection(ExtensibilityGlobals) = postSolution
		SolutionGuid = {273CC846-6D4F-40E7-8FA3-7B9F089A8C51}
	EndGlobalSection
EndGlobal
